// !$*UTF8*$!
{
	archiveVersion = 1;
	classes = {
	};
	objectVersion = 50;
	objects = {

/* Begin PBXBuildFile section */
		048C23D825AD55D800F1B586 /* FSPermanentThread.m in Sources */ = {isa = PBXBuildFile; fileRef = 048C23D725AD55D800F1B586 /* FSPermanentThread.m */; };
		048C23DC25AD578500F1B586 /* FSThreadTimer.m in Sources */ = {isa = PBXBuildFile; fileRef = 048C23DB25AD578500F1B586 /* FSThreadTimer.m */; };
		048C23E525AD8B0200F1B586 /* gcd.m in Sources */ = {isa = PBXBuildFile; fileRef = 048C23E425AD8B0200F1B586 /* gcd.m */; };
		048C240525AFD19E00F1B586 /* FSGCDTimer.m in Sources */ = {isa = PBXBuildFile; fileRef = 048C240425AFD19E00F1B586 /* FSGCDTimer.m */; };
		04A5682425AD3D030054F775 /* SecondViewController.m in Sources */ = {isa = PBXBuildFile; fileRef = 04A5682325AD3D030054F775 /* SecondViewController.m */; };
		04D4ECC825450B1700A7AA2E /* AppDelegate.m in Sources */ = {isa = PBXBuildFile; fileRef = 04D4ECC725450B1700A7AA2E /* AppDelegate.m */; };
		04D4ECCB25450B1700A7AA2E /* SceneDelegate.m in Sources */ = {isa = PBXBuildFile; fileRef = 04D4ECCA25450B1700A7AA2E /* SceneDelegate.m */; };
		04D4ECCE25450B1700A7AA2E /* ViewController.m in Sources */ = {isa = PBXBuildFile; fileRef = 04D4ECCD25450B1700A7AA2E /* ViewController.m */; };
		04D4ECD125450B1700A7AA2E /* Main.storyboard in Resources */ = {isa = PBXBuildFile; fileRef = 04D4ECCF25450B1700A7AA2E /* Main.storyboard */; };
		04D4ECD325450B1800A7AA2E /* Assets.xcassets in Resources */ = {isa = PBXBuildFile; fileRef = 04D4ECD225450B1800A7AA2E /* Assets.xcassets */; };
		04D4ECD625450B1800A7AA2E /* LaunchScreen.storyboard in Resources */ = {isa = PBXBuildFile; fileRef = 04D4ECD425450B1800A7AA2E /* LaunchScreen.storyboard */; };
		04D4ECD925450B1800A7AA2E /* main.m in Sources */ = {isa = PBXBuildFile; fileRef = 04D4ECD825450B1800A7AA2E /* main.m */; };
/* End PBXBuildFile section */

/* Begin PBXFileReference section */
		048C23D625AD55D800F1B586 /* FSPermanentThread.h */ = {isa = PBXFileReference; lastKnownFileType = sourcecode.c.h; path = FSPermanentThread.h; sourceTree = "<group>"; };
		048C23D725AD55D800F1B586 /* FSPermanentThread.m */ = {isa = PBXFileReference; lastKnownFileType = sourcecode.c.objc; path = FSPermanentThread.m; sourceTree = "<group>"; };
		048C23DA25AD578500F1B586 /* FSThreadTimer.h */ = {isa = PBXFileReference; lastKnownFileType = sourcecode.c.h; path = FSThreadTimer.h; sourceTree = "<group>"; };
		048C23DB25AD578500F1B586 /* FSThreadTimer.m */ = {isa = PBXFileReference; lastKnownFileType = sourcecode.c.objc; path = FSThreadTimer.m; sourceTree = "<group>"; };
		048C23E425AD8B0200F1B586 /* gcd.m */ = {isa = PBXFileReference; lastKnownFileType = sourcecode.c.objc; path = gcd.m; sourceTree = "<group>"; };
		048C240325AFD19E00F1B586 /* FSGCDTimer.h */ = {isa = PBXFileReference; lastKnownFileType = sourcecode.c.h; path = FSGCDTimer.h; sourceTree = "<group>"; };
		048C240425AFD19E00F1B586 /* FSGCDTimer.m */ = {isa = PBXFileReference; lastKnownFileType = sourcecode.c.objc; path = FSGCDTimer.m; sourceTree = "<group>"; };
		04A5682225AD3D030054F775 /* SecondViewController.h */ = {isa = PBXFileReference; lastKnownFileType = sourcecode.c.h; path = SecondViewController.h; sourceTree = "<group>"; };
		04A5682325AD3D030054F775 /* SecondViewController.m */ = {isa = PBXFileReference; lastKnownFileType = sourcecode.c.objc; path = SecondViewController.m; sourceTree = "<group>"; };
		04D4ECC325450B1700A7AA2E /* FSOcApp.app */ = {isa = PBXFileReference; explicitFileType = wrapper.application; includeInIndex = 0; path = FSOcApp.app; sourceTree = BUILT_PRODUCTS_DIR; };
		04D4ECC625450B1700A7AA2E /* AppDelegate.h */ = {isa = PBXFileReference; lastKnownFileType = sourcecode.c.h; path = AppDelegate.h; sourceTree = "<group>"; };
		04D4ECC725450B1700A7AA2E /* AppDelegate.m */ = {isa = PBXFileReference; lastKnownFileType = sourcecode.c.objc; path = AppDelegate.m; sourceTree = "<group>"; };
		04D4ECC925450B1700A7AA2E /* SceneDelegate.h */ = {isa = PBXFileReference; lastKnownFileType = sourcecode.c.h; path = SceneDelegate.h; sourceTree = "<group>"; };
		04D4ECCA25450B1700A7AA2E /* SceneDelegate.m */ = {isa = PBXFileReference; lastKnownFileType = sourcecode.c.objc; path = SceneDelegate.m; sourceTree = "<group>"; };
		04D4ECCC25450B1700A7AA2E /* ViewController.h */ = {isa = PBXFileReference; lastKnownFileType = sourcecode.c.h; path = ViewController.h; sourceTree = "<group>"; };
		04D4ECCD25450B1700A7AA2E /* ViewController.m */ = {isa = PBXFileReference; lastKnownFileType = sourcecode.c.objc; path = ViewController.m; sourceTree = "<group>"; };
		04D4ECD025450B1700A7AA2E /* Base */ = {isa = PBXFileReference; lastKnownFileType = file.storyboard; name = Base; path = Base.lproj/Main.storyboard; sourceTree = "<group>"; };
		04D4ECD225450B1800A7AA2E /* Assets.xcassets */ = {isa = PBXFileReference; lastKnownFileType = folder.assetcatalog; path = Assets.xcassets; sourceTree = "<group>"; };
		04D4ECD525450B1800A7AA2E /* Base */ = {isa = PBXFileReference; lastKnownFileType = file.storyboard; name = Base; path = Base.lproj/LaunchScreen.storyboard; sourceTree = "<group>"; };
		04D4ECD725450B1800A7AA2E /* Info.plist */ = {isa = PBXFileReference; lastKnownFileType = text.plist.xml; path = Info.plist; sourceTree = "<group>"; };
		04D4ECD825450B1800A7AA2E /* main.m */ = {isa = PBXFileReference; lastKnownFileType = sourcecode.c.objc; path = main.m; sourceTree = "<group>"; };
/* End PBXFileReference section */

/* Begin PBXFrameworksBuildPhase section */
		04D4ECC025450B1700A7AA2E /* Frameworks */ = {
			isa = PBXFrameworksBuildPhase;
			buildActionMask = 2147483647;
			files = (
			);
			runOnlyForDeploymentPostprocessing = 0;
		};
/* End PBXFrameworksBuildPhase section */

/* Begin PBXGroup section */
		048C23E225AD8AC400F1B586 /* MultiThreads */ = {
			isa = PBXGroup;
			children = (
				048C23E325AD8AD600F1B586 /* GCD */,
				048C240325AFD19E00F1B586 /* FSGCDTimer.h */,
				048C240425AFD19E00F1B586 /* FSGCDTimer.m */,
			);
			path = MultiThreads;
			sourceTree = "<group>";
		};
		048C23E325AD8AD600F1B586 /* GCD */ = {
			isa = PBXGroup;
			children = (
				048C23E425AD8B0200F1B586 /* gcd.m */,
			);
			path = GCD;
			sourceTree = "<group>";
		};
		04D4ECBA25450B1700A7AA2E = {
			isa = PBXGroup;
			children = (
				04D4ECC525450B1700A7AA2E /* FSOcApp */,
				04D4ECC425450B1700A7AA2E /* Products */,
			);
			sourceTree = "<group>";
		};
		04D4ECC425450B1700A7AA2E /* Products */ = {
			isa = PBXGroup;
			children = (
				04D4ECC325450B1700A7AA2E /* FSOcApp.app */,
			);
			name = Products;
			sourceTree = "<group>";
		};
		04D4ECC525450B1700A7AA2E /* FSOcApp */ = {
			isa = PBXGroup;
			children = (
				04D4ECC625450B1700A7AA2E /* AppDelegate.h */,
				04D4ECC725450B1700A7AA2E /* AppDelegate.m */,
				04D4ECC925450B1700A7AA2E /* SceneDelegate.h */,
				04D4ECCA25450B1700A7AA2E /* SceneDelegate.m */,
				04D4ECCC25450B1700A7AA2E /* ViewController.h */,
				04D4ECCD25450B1700A7AA2E /* ViewController.m */,
				04A5682225AD3D030054F775 /* SecondViewController.h */,
				04A5682325AD3D030054F775 /* SecondViewController.m */,
				048C23D625AD55D800F1B586 /* FSPermanentThread.h */,
				048C23D725AD55D800F1B586 /* FSPermanentThread.m */,
				048C23DA25AD578500F1B586 /* FSThreadTimer.h */,
				048C23DB25AD578500F1B586 /* FSThreadTimer.m */,
				048C23E225AD8AC400F1B586 /* MultiThreads */,
				04D4ECCF25450B1700A7AA2E /* Main.storyboard */,
				04D4ECD225450B1800A7AA2E /* Assets.xcassets */,
				04D4ECD425450B1800A7AA2E /* LaunchScreen.storyboard */,
				04D4ECD725450B1800A7AA2E /* Info.plist */,
				04D4ECD825450B1800A7AA2E /* main.m */,
			);
			path = FSOcApp;
			sourceTree = "<group>";
		};
/* End PBXGroup section */

/* Begin PBXNativeTarget section */
		04D4ECC225450B1700A7AA2E /* FSOcApp */ = {
			isa = PBXNativeTarget;
			buildConfigurationList = 04D4ECDC25450B1800A7AA2E /* Build configuration list for PBXNativeTarget "FSOcApp" */;
			buildPhases = (
				04D4ECBF25450B1700A7AA2E /* Sources */,
				04D4ECC025450B1700A7AA2E /* Frameworks */,
				04D4ECC125450B1700A7AA2E /* Resources */,
			);
			buildRules = (
			);
			dependencies = (
			);
			name = FSOcApp;
			productName = FSOcApp;
			productReference = 04D4ECC325450B1700A7AA2E /* FSOcApp.app */;
			productType = "com.apple.product-type.application";
		};
/* End PBXNativeTarget section */

/* Begin PBXProject section */
		04D4ECBB25450B1700A7AA2E /* Project object */ = {
			isa = PBXProject;
			attributes = {
				LastUpgradeCheck = 1210;
				TargetAttributes = {
					04D4ECC225450B1700A7AA2E = {
						CreatedOnToolsVersion = 12.1;
					};
				};
			};
			buildConfigurationList = 04D4ECBE25450B1700A7AA2E /* Build configuration list for PBXProject "FSOcApp" */;
			compatibilityVersion = "Xcode 9.3";
			developmentRegion = en;
			hasScannedForEncodings = 0;
			knownRegions = (
				en,
				Base,
			);
			mainGroup = 04D4ECBA25450B1700A7AA2E;
			productRefGroup = 04D4ECC425450B1700A7AA2E /* Products */;
			projectDirPath = "";
			projectRoot = "";
			targets = (
				04D4ECC225450B1700A7AA2E /* FSOcApp */,
			);
		};
/* End PBXProject section */

/* Begin PBXResourcesBuildPhase section */
		04D4ECC125450B1700A7AA2E /* Resources */ = {
			isa = PBXResourcesBuildPhase;
			buildActionMask = 2147483647;
			files = (
				04D4ECD625450B1800A7AA2E /* LaunchScreen.storyboard in Resources */,
				04D4ECD325450B1800A7AA2E /* Assets.xcassets in Resources */,
				04D4ECD125450B1700A7AA2E /* Main.storyboard in Resources */,
			);
			runOnlyForDeploymentPostprocessing = 0;
		};
/* End PBXResourcesBuildPhase section */

/* Begin PBXSourcesBuildPhase section */
		04D4ECBF25450B1700A7AA2E /* Sources */ = {
			isa = PBXSourcesBuildPhase;
			buildActionMask = 2147483647;
			files = (
				04A5682425AD3D030054F775 /* SecondViewController.m in Sources */,
				04D4ECCE25450B1700A7AA2E /* ViewController.m in Sources */,
				04D4ECC825450B1700A7AA2E /* AppDelegate.m in Sources */,
				048C240525AFD19E00F1B586 /* FSGCDTimer.m in Sources */,
				048C23D825AD55D800F1B586 /* FSPermanentThread.m in Sources */,
				048C23DC25AD578500F1B586 /* FSThreadTimer.m in Sources */,
				04D4ECD925450B1800A7AA2E /* main.m in Sources */,
				048C23E525AD8B0200F1B586 /* gcd.m in Sources */,
				04D4ECCB25450B1700A7AA2E /* SceneDelegate.m in Sources */,
			);
			runOnlyForDeploymentPostprocessing = 0;
		};
/* End PBXSourcesBuildPhase section */

/* Begin PBXVariantGroup section */
		04D4ECCF25450B1700A7AA2E /* Main.storyboard */ = {
			isa = PBXVariantGroup;
			children = (
				04D4ECD025450B1700A7AA2E /* Base */,
			);
			name = Main.storyboard;
			sourceTree = "<group>";
		};
		04D4ECD425450B1800A7AA2E /* LaunchScreen.storyboard */ = {
			isa = PBXVariantGroup;
			children = (
				04D4ECD525450B1800A7AA2E /* Base */,
			);
			name = LaunchScreen.storyboard;
			sourceTree = "<group>";
		};
/* End PBXVariantGroup section */

/* Begin XCBuildConfiguration section */
		04D4ECDA25450B1800A7AA2E /* Debug */ = {
			isa = XCBuildConfiguration;
			buildSettings = {
				ALWAYS_SEARCH_USER_PATHS = NO;
				CLANG_ANALYZER_NONNULL = YES;
				CLANG_ANALYZER_NUMBER_OBJECT_CONVERSION = YES_AGGRESSIVE;
				CLANG_CXX_LANGUAGE_STANDARD = "gnu++14";
				CLANG_CXX_LIBRARY = "libc++";
				CLANG_ENABLE_MODULES = YES;
				CLANG_ENABLE_OBJC_ARC = YES;
				CLANG_ENABLE_OBJC_WEAK = YES;
				CLANG_WARN_BLOCK_CAPTURE_AUTORELEASING = YES;
				CLANG_WARN_BOOL_CONVERSION = YES;
				CLANG_WARN_COMMA = YES;
				CLANG_WARN_CONSTANT_CONVERSION = YES;
				CLANG_WARN_DEPRECATED_OBJC_IMPLEMENTATIONS = YES;
				CLANG_WARN_DIRECT_OBJC_ISA_USAGE = YES_ERROR;
				CLANG_WARN_DOCUMENTATION_COMMENTS = YES;
				CLANG_WARN_EMPTY_BODY = YES;
				CLANG_WARN_ENUM_CONVERSION = YES;
				CLANG_WARN_INFINITE_RECURSION = YES;
				CLANG_WARN_INT_CONVERSION = YES;
				CLANG_WARN_NON_LITERAL_NULL_CONVERSION = YES;
				CLANG_WARN_OBJC_IMPLICIT_RETAIN_SELF = YES;
				CLANG_WARN_OBJC_LITERAL_CONVERSION = YES;
				CLANG_WARN_OBJC_ROOT_CLASS = YES_ERROR;
				CLANG_WARN_QUOTED_INCLUDE_IN_FRAMEWORK_HEADER = YES;
				CLANG_WARN_RANGE_LOOP_ANALYSIS = YES;
				CLANG_WARN_STRICT_PROTOTYPES = YES;
				CLANG_WARN_SUSPICIOUS_MOVE = YES;
				CLANG_WARN_UNGUARDED_AVAILABILITY = YES_AGGRESSIVE;
				CLANG_WARN_UNREACHABLE_CODE = YES;
				CLANG_WARN__DUPLICATE_METHOD_MATCH = YES;
				COPY_PHASE_STRIP = NO;
				DEBUG_INFORMATION_FORMAT = dwarf;
				ENABLE_STRICT_OBJC_MSGSEND = YES;
				ENABLE_TESTABILITY = YES;
				GCC_C_LANGUAGE_STANDARD = gnu11;
				GCC_DYNAMIC_NO_PIC = NO;
				GCC_NO_COMMON_BLOCKS = YES;
				GCC_OPTIMIZATION_LEVEL = 0;
				GCC_PREPROCESSOR_DEFINITIONS = (
					"DEBUG=1",
					"$(inherited)",
				);
				GCC_WARN_64_TO_32_BIT_CONVERSION = YES;
				GCC_WARN_ABOUT_RETURN_TYPE = YES_ERROR;
				GCC_WARN_UNDECLARED_SELECTOR = YES;
				GCC_WARN_UNINITIALIZED_AUTOS = YES_AGGRESSIVE;
				GCC_WARN_UNUSED_FUNCTION = YES;
				GCC_WARN_UNUSED_VARIABLE = YES;
				IPHONEOS_DEPLOYMENT_TARGET = 14.1;
				MTL_ENABLE_DEBUG_INFO = INCLUDE_SOURCE;
				MTL_FAST_MATH = YES;
				ONLY_ACTIVE_ARCH = YES;
				SDKROOT = iphoneos;
			};
			name = Debug;
		};
		04D4ECDB25450B1800A7AA2E /* Release */ = {
			isa = XCBuildConfiguration;
			buildSettings = {
				ALWAYS_SEARCH_USER_PATHS = NO;
				CLANG_ANALYZER_NONNULL = YES;
				CLANG_ANALYZER_NUMBER_OBJECT_CONVERSION = YES_AGGRESSIVE;
				CLANG_CXX_LANGUAGE_STANDARD = "gnu++14";
				CLANG_CXX_LIBRARY = "libc++";
				CLANG_ENABLE_MODULES = YES;
				CLANG_ENABLE_OBJC_ARC = YES;
				CLANG_ENABLE_OBJC_WEAK = YES;
				CLANG_WARN_BLOCK_CAPTURE_AUTORELEASING = YES;
				CLANG_WARN_BOOL_CONVERSION = YES;
				CLANG_WARN_COMMA = YES;
				CLANG_WARN_CONSTANT_CONVERSION = YES;
				CLANG_WARN_DEPRECATED_OBJC_IMPLEMENTATIONS = YES;
				CLANG_WARN_DIRECT_OBJC_ISA_USAGE = YES_ERROR;
				CLANG_WARN_DOCUMENTATION_COMMENTS = YES;
				CLANG_WARN_EMPTY_BODY = YES;
				CLANG_WARN_ENUM_CONVERSION = YES;
				CLANG_WARN_INFINITE_RECURSION = YES;
				CLANG_WARN_INT_CONVERSION = YES;
				CLANG_WARN_NON_LITERAL_NULL_CONVERSION = YES;
				CLANG_WARN_OBJC_IMPLICIT_RETAIN_SELF = YES;
				CLANG_WARN_OBJC_LITERAL_CONVERSION = YES;
				CLANG_WARN_OBJC_ROOT_CLASS = YES_ERROR;
				CLANG_WARN_QUOTED_INCLUDE_IN_FRAMEWORK_HEADER = YES;
				CLANG_WARN_RANGE_LOOP_ANALYSIS = YES;
				CLANG_WARN_STRICT_PROTOTYPES = YES;
				CLANG_WARN_SUSPICIOUS_MOVE = YES;
				CLANG_WARN_UNGUARDED_AVAILABILITY = YES_AGGRESSIVE;
				CLANG_WARN_UNREACHABLE_CODE = YES;
				CLANG_WARN__DUPLICATE_METHOD_MATCH = YES;
				COPY_PHASE_STRIP = NO;
				DEBUG_INFORMATION_FORMAT = "dwarf-with-dsym";
				ENABLE_NS_ASSERTIONS = NO;
				ENABLE_STRICT_OBJC_MSGSEND = YES;
				GCC_C_LANGUAGE_STANDARD = gnu11;
				GCC_NO_COMMON_BLOCKS = YES;
				GCC_WARN_64_TO_32_BIT_CONVERSION = YES;
				GCC_WARN_ABOUT_RETURN_TYPE = YES_ERROR;
				GCC_WARN_UNDECLARED_SELECTOR = YES;
				GCC_WARN_UNINITIALIZED_AUTOS = YES_AGGRESSIVE;
				GCC_WARN_UNUSED_FUNCTION = YES;
				GCC_WARN_UNUSED_VARIABLE = YES;
				IPHONEOS_DEPLOYMENT_TARGET = 14.1;
				MTL_ENABLE_DEBUG_INFO = NO;
				MTL_FAST_MATH = YES;
				SDKROOT = iphoneos;
				VALIDATE_PRODUCT = YES;
			};
			name = Release;
		};
		04D4ECDD25450B1800A7AA2E /* Debug */ = {
			isa = XCBuildConfiguration;
			buildSettings = {
				ASSETCATALOG_COMPILER_APPICON_NAME = AppIcon;
				ASSETCATALOG_COMPILER_GLOBAL_ACCENT_COLOR_NAME = AccentColor;
				CODE_SIGN_IDENTITY = "iPhone Developer";
				CODE_SIGN_STYLE = Manual;
				DEVELOPMENT_TEAM = U72R3QQ45L;
				INFOPLIST_FILE = FSOcApp/Info.plist;
				IPHONEOS_DEPLOYMENT_TARGET = 13.0;
				LD_RUNPATH_SEARCH_PATHS = (
					"$(inherited)",
					"@executable_path/Frameworks",
				);
				PRODUCT_BUNDLE_IDENTIFIER = com.fusen.www.FSOcApp;
				PRODUCT_NAME = "$(TARGET_NAME)";
				PROVISIONING_PROFILE_SPECIFIER = "FastMap Team";
				TARGETED_DEVICE_FAMILY = "1,2";
			};
			name = Debug;
		};
		04D4ECDE25450B1800A7AA2E /* Release */ = {
			isa = XCBuildConfiguration;
			buildSettings = {
				ASSETCATALOG_COMPILER_APPICON_NAME = AppIcon;
				ASSETCATALOG_COMPILER_GLOBAL_ACCENT_COLOR_NAME = AccentColor;
				CODE_SIGN_IDENTITY = "iPhone Distribution";
				CODE_SIGN_STYLE = Manual;
				DEVELOPMENT_TEAM = U72R3QQ45L;
				INFOPLIST_FILE = FSOcApp/Info.plist;
				IPHONEOS_DEPLOYMENT_TARGET = 13.0;
				LD_RUNPATH_SEARCH_PATHS = (
					"$(inherited)",
					"@executable_path/Frameworks",
				);
				PRODUCT_BUNDLE_IDENTIFIER = com.navinfo.fastmaphd;
				PRODUCT_NAME = "$(TARGET_NAME)";
				PROVISIONING_PROFILE_SPECIFIER = "FastmapHD-new";
				TARGETED_DEVICE_FAMILY = "1,2";
			};
			name = Release;
		};
/* End XCBuildConfiguration section */

/* Begin XCConfigurationList section */
		04D4ECBE25450B1700A7AA2E /* Build configuration list for PBXProject "FSOcApp" */ = {
			isa = XCConfigurationList;
			buildConfigurations = (
				04D4ECDA25450B1800A7AA2E /* Debug */,
				04D4ECDB25450B1800A7AA2E /* Release */,
			);
			defaultConfigurationIsVisible = 0;
			defaultConfigurationName = Release;
		};
		04D4ECDC25450B1800A7AA2E /* Build configuration list for PBXNativeTarget "FSOcApp" */ = {
			isa = XCConfigurationList;
			buildConfigurations = (
				04D4ECDD25450B1800A7AA2E /* Debug */,
				04D4ECDE25450B1800A7AA2E /* Release */,
			);
			defaultConfigurationIsVisible = 0;
			defaultConfigurationName = Release;
		};
/* End XCConfigurationList section */
	};
	rootObject = 04D4ECBB25450B1700A7AA2E /* Project object */;
}
